{
  "name": "ai-frontier-radar-wechat-bridge",
  "version": "0.1.0",
  "lockfileVersion": 3,
  "requires": true,
  "packages": {
    "": {
      "name": "ai-frontier-radar-wechat-bridge",
      "version": "0.1.0",
      "dependencies": {
        "@tencent-weixin/openclaw-weixin": "2.4.9",
        "openclaw": "file:./shims/openclaw",
        "qrcode-terminal": "0.12.0"
      },
      "engines": {
        "node": ">=22.13.0"
      }
    },
    "node_modules/@tencent-weixin/openclaw-weixin": {
      "version": "2.4.9",
      "resolved": "https://registry.npmjs.org/@tencent-weixin/openclaw-weixin/-/openclaw-weixin-2.4.9.tgz",
      "integrity": "sha512-SfaYehR1Cwq2VV5HxJBp9sVilMms420VfZlMbF4YjRbWomr5+GxfXp9HkeU6y5TbnOc4Ysq0qPw1yBvJwbenBA==",
      "license": "MIT",
      "dependencies": {
        "qrcode-terminal": "0.12.0",
        "zod": "^4.3.6"
      },
      "engines": {
        "node": ">=22.13.0"
      },
      "peerDependencies": {
        "openclaw": ">=2026.5.12"
      }
    },
    "node_modules/openclaw": {
      "resolved": "shims/openclaw",
      "link": true
    },
    "node_modules/qrcode-terminal": {
      "version": "0.12.0",
      "resolved": "https://registry.npmjs.org/qrcode-terminal/-/qrcode-terminal-0.12.0.tgz",
      "integrity": "sha512-EXtzRZmC+YGmGlDFbXKxQiMZNwCLEO6BANKXG4iCtSIM0yqc/pappSx3RIKr4r0uh5JsBckOXeKrB3Iz7mdQpQ==",
      "bin": {
        "qrcode-terminal": "bin/qrcode-terminal.js"
      }
    },
    "node_modules/zod": {
      "version": "4.6.5",
      "resolved": "https://registry.npmjs.org/zod/-/zod-4.6.5.tgz",
      "integrity": "sha512-v5l/aFXZQeai4awLbOpSoHecE9UiMrnfx75tEXLjNonXVARxQ5mOeipTjROUchszUNCqnE+hqAMujRsRHsut2Q==",
      "license": "MIT",
      "funding": {
        "url": "https://github.com/sponsors/colinhacks"
      }
    },
    "shims/openclaw": {
      "version": "2026.5.12"
    }
  }
}
